
Microsoft Visual Studio Solution File, Format Version 12.00
# Visual Studio 15
VisualStudioVersion = 15.0.27004.2005
MinimumVisualStudioVersion = 10.0.40219.1
Project("{8BC9CEB8-8B4A-11D0-8D11-00A0C91BC942}") = "TextEditor", "TextEditor\TextEditor.vcxproj", "{47CA5199-00F5-41F7-9B6C-12C7890988EE}"
EndProject
Global
	GlobalSection(SolutionConfigurationPlatforms) = preSolution
		Debug|x64 = Debug|x64
		Debug|x86 = Debug|x86
		Release|x64 = Release|x64
		Release|x86 = Release|x86
	EndGlobalSection
	GlobalSection(ProjectConfigurationPlatforms) = postSolution
		{47CA5199-00F5-41F7-9B6C-12C7890988EE}.Debug|x64.ActiveCfg = Debug|x64
		{47CA5199-00F5-41F7-9B6C-12C7890988EE}.Debug|x64.Build.0 = Debug|x64
		{47CA5199-00F5-41F7-9B6C-12C7890988EE}.Debug|x86.ActiveCfg = Debug|Win32
		{47CA5199-00F5-41F7-9B6C-12C7890988EE}.Debug|x86.Build.0 = Debug|Win32
		{47CA5199-00F5-41F7-9B6C-12C7890988EE}.Release|x64.ActiveCfg = Release|x64
		{47CA5199-00F5-41F7-9B6C-12C7890988EE}.Release|x64.Build.0 = Release|x64
		{47CA5199-00F5-41F7-9B6C-12C7890988EE}.Release|x86.ActiveCfg = Release|Win32
		{47CA5199-00F5-41F7-9B6C-12C7890988EE}.Release|x86.Build.0 = Release|Win32
	EndGlobalSection
	GlobalSection(SolutionProperties) = preSolution
		HideSolutionNode = FALSE
	EndGlobalSection
	GlobalSection(ExtensibilityGlobals) = postSolution
		SolutionGuid = {340C8209-FD98-4BE5-99B5-1DDE49F79427}
	EndGlobalSection
EndGlobal
